
Microsoft Visual Studio Solution File, Format Version 12.00
# Visual Studio Version 17
VisualStudioVersion = 17.6.33815.320
MinimumVisualStudioVersion = 10.0.40219.1
Project("{FAE04EC0-301F-11D3-BF4B-00C04F79EFBC}") = "ShowTime.API", "ShowTime.API\ShowTime.API.csproj", "{40E1CAED-277B-4661-ABFC-3FCEDAE35DAB}"
EndProject
Global
	GlobalSection(SolutionConfigurationPlatforms) = preSolution
		Debug|Any CPU = Debug|Any CPU
		Release|Any CPU = Release|Any CPU
	EndGlobalSection
	GlobalSection(ProjectConfigurationPlatforms) = postSolution
		{40E1CAED-277B-4661-ABFC-3FCEDAE35DAB}.Debug|Any CPU.ActiveCfg = Debug|Any CPU
		{40E1CAED-277B-4661-ABFC-3FCEDAE35DAB}.Debug|Any CPU.Build.0 = Debug|Any CPU
		{40E1CAED-277B-4661-ABFC-3FCEDAE35DAB}.Release|Any CPU.ActiveCfg = Release|Any CPU
		{40E1CAED-277B-4661-ABFC-3FCEDAE35DAB}.Release|Any CPU.Build.0 = Release|Any CPU
	EndGlobalSection
	GlobalSection(SolutionProperties) = preSolution
		HideSolutionNode = FALSE
	EndGlobalSection
	GlobalSection(ExtensibilityGlobals) = postSolution
		SolutionGuid = {5EF762B4-ECC2-41DB-9666-06221A2BB14F}
	EndGlobalSection
EndGlobal
